
Microsoft Visual Studio Solution File, Format Version 12.00
# Visual Studio Version 16
VisualStudioVersion = 16.0.31229.75
MinimumVisualStudioVersion = 10.0.40219.1
Project("{FAE04EC0-301F-11D3-BF4B-00C04F79EFBC}") = "HelloRedis", "HelloRedis\HelloRedis.csproj", "{7300EA36-7330-4126-ACA1-6984E10E8869}"
EndProject
Global
	GlobalSection(SolutionConfigurationPlatforms) = preSolution
		Debug|Any CPU = Debug|Any CPU
		Release|Any CPU = Release|Any CPU
	EndGlobalSection
	GlobalSection(ProjectConfigurationPlatforms) = postSolution
		{7300EA36-7330-4126-ACA1-6984E10E8869}.Debug|Any CPU.ActiveCfg = Debug|Any CPU
		{7300EA36-7330-4126-ACA1-6984E10E8869}.Debug|Any CPU.Build.0 = Debug|Any CPU
		{7300EA36-7330-4126-ACA1-6984E10E8869}.Release|Any CPU.ActiveCfg = Release|Any CPU
		{7300EA36-7330-4126-ACA1-6984E10E8869}.Release|Any CPU.Build.0 = Release|Any CPU
	EndGlobalSection
	GlobalSection(SolutionProperties) = preSolution
		HideSolutionNode = FALSE
	EndGlobalSection
	GlobalSection(ExtensibilityGlobals) = postSolution
		SolutionGuid = {2A30C414-60DE-4176-AEF8-BFBAF7ADCA38}
	EndGlobalSection
EndGlobal
